// !$*UTF8*$!
{
	archiveVersion = 1;
	classes = {
	};
	objectVersion = 46;
	objects = {

/* Begin PBXBuildFile section */
		900226C115FE173C00FABCA3 /* QuartzCore.framework in Frameworks */ = {isa = PBXBuildFile; fileRef = 900226C015FE173C00FABCA3 /* QuartzCore.framework */; };
		901EE4501608CE8F007AD3C5 /* bottom3.png in Resources */ = {isa = PBXBuildFile; fileRef = 901EE44F1608CE8E007AD3C5 /* bottom3.png */; };
		901EE4531608D274007AD3C5 /* pictoHomme@2x.png in Resources */ = {isa = PBXBuildFile; fileRef = 901EE4511608D274007AD3C5 /* pictoHomme@2x.png */; };
		901EE4541608D274007AD3C5 /* pictoFemme@2x.png in Resources */ = {isa = PBXBuildFile; fileRef = 901EE4521608D274007AD3C5 /* pictoFemme@2x.png */; };
		901EE4571608D365007AD3C5 /* pictoHomme.png in Resources */ = {isa = PBXBuildFile; fileRef = 901EE4551608D365007AD3C5 /* pictoHomme.png */; };
		901EE4581608D365007AD3C5 /* pictoFemme.png in Resources */ = {isa = PBXBuildFile; fileRef = 901EE4561608D365007AD3C5 /* pictoFemme.png */; };
		901EE4651608D4CF007AD3C5 /* icoboy.png in Resources */ = {isa = PBXBuildFile; fileRef = 901EE4611608D4CE007AD3C5 /* icoboy.png */; };
		901EE4661608D4CF007AD3C5 /* icogirl.png in Resources */ = {isa = PBXBuildFile; fileRef = 901EE4621608D4CE007AD3C5 /* icogirl.png */; };
		901EE4671608D4CF007AD3C5 /* icoboy@2x.png in Resources */ = {isa = PBXBuildFile; fileRef = 901EE4631608D4CF007AD3C5 /* icoboy@2x.png */; };
		901EE4681608D4CF007AD3C5 /* icogirl@2x.png in Resources */ = {isa = PBXBuildFile; fileRef = 901EE4641608D4CF007AD3C5 /* icogirl@2x.png */; };
		9027D46E15F6B39400F4890A /* favorite.png in Resources */ = {isa = PBXBuildFile; fileRef = 9027D46C15F6B39400F4890A /* favorite.png */; };
		9027D46F15F6B39400F4890A /* favorite@2x.png in Resources */ = {isa = PBXBuildFile; fileRef = 9027D46D15F6B39400F4890A /* favorite@2x.png */; };
		902E5E4F15EBD5F10051C538 /* CoreData.framework in Frameworks */ = {isa = PBXBuildFile; fileRef = 902E5E4E15EBD5F10051C538 /* CoreData.framework */; };
		903EB8CF1601EEFD00DD4303 /* Default-568h@2x.png in Resources */ = {isa = PBXBuildFile; fileRef = 903EB8CE1601EEFD00DD4303 /* Default-568h@2x.png */; };
		905059CA15EBCFA500393577 /* icon.png in Resources */ = {isa = PBXBuildFile; fileRef = 905059C915EBCFA500393577 /* icon.png */; };
		905059CD15EBCFAA00393577 /* icon@2x.png in Resources */ = {isa = PBXBuildFile; fileRef = 905059CC15EBCFAA00393577 /* icon@2x.png */; };
		905059D815EBD01800393577 /* navbar@2x.png in Resources */ = {isa = PBXBuildFile; fileRef = 905059D315EBD01800393577 /* navbar@2x.png */; };
		905059E315EBD0E900393577 /* NameYourBaby.xcdatamodeld in Sources */ = {isa = PBXBuildFile; fileRef = 905059E115EBD0E900393577 /* NameYourBaby.xcdatamodeld */; };
		905059E915EBD20400393577 /* Babies.m in Sources */ = {isa = PBXBuildFile; fileRef = 905059E815EBD20400393577 /* Babies.m */; };
		905763B116008657008D0875 /* DBAccess.m in Sources */ = {isa = PBXBuildFile; fileRef = 905763B016008657008D0875 /* DBAccess.m */; };
		905FCAF815EE3AF900265D5D /* JSONKit.m in Sources */ = {isa = PBXBuildFile; fileRef = 905FCAEF15EE26DA00265D5D /* JSONKit.m */; settings = {COMPILER_FLAGS = "-fno-objc-arc"; }; };
		905FCAFA15EE528A00265D5D /* DBName.json in Resources */ = {isa = PBXBuildFile; fileRef = 905FCAF915EE528A00265D5D /* DBName.json */; };
		908C92A815EBCCAF00E3C718 /* UIKit.framework in Frameworks */ = {isa = PBXBuildFile; fileRef = 908C92A715EBCCAF00E3C718 /* UIKit.framework */; };
		908C92AA15EBCCAF00E3C718 /* Foundation.framework in Frameworks */ = {isa = PBXBuildFile; fileRef = 908C92A915EBCCAF00E3C718 /* Foundation.framework */; };
		908C92AC15EBCCAF00E3C718 /* CoreGraphics.framework in Frameworks */ = {isa = PBXBuildFile; fileRef = 908C92AB15EBCCAF00E3C718 /* CoreGraphics.framework */; };
		908C92B215EBCCAF00E3C718 /* InfoPlist.strings in Resources */ = {isa = PBXBuildFile; fileRef = 908C92B015EBCCAF00E3C718 /* InfoPlist.strings */; };
		908C92B415EBCCAF00E3C718 /* main.m in Sources */ = {isa = PBXBuildFile; fileRef = 908C92B315EBCCAF00E3C718 /* main.m */; };
		908C92B815EBCCAF00E3C718 /* AppDelegate.m in Sources */ = {isa = PBXBuildFile; fileRef = 908C92B715EBCCAF00E3C718 /* AppDelegate.m */; };
		908C92BB15EBCCAF00E3C718 /* ViewController.m in Sources */ = {isa = PBXBuildFile; fileRef = 908C92BA15EBCCAF00E3C718 /* ViewController.m */; };
		908C92BE15EBCCAF00E3C718 /* ViewController.xib in Resources */ = {isa = PBXBuildFile; fileRef = 908C92BC15EBCCAF00E3C718 /* ViewController.xib */; };
		90B3A97B15F628CB0037629B /* MessageUI.framework in Frameworks */ = {isa = PBXBuildFile; fileRef = 90B3A97A15F628CB0037629B /* MessageUI.framework */; };
		90F3795815FE29EF001A23C0 /* OLGhostAlertView.m in Sources */ = {isa = PBXBuildFile; fileRef = 90F944BB15FE2868007B0FF9 /* OLGhostAlertView.m */; };
		90F3797E15FE3F68001A23C0 /* FiltersBabies.m in Sources */ = {isa = PBXBuildFile; fileRef = 90F3797C15FE3F68001A23C0 /* FiltersBabies.m */; };
		90F3797F15FE3F68001A23C0 /* FiltersBabies.xib in Resources */ = {isa = PBXBuildFile; fileRef = 90F3797D15FE3F68001A23C0 /* FiltersBabies.xib */; };
/* End PBXBuildFile section */

/* Begin PBXFileReference section */
		900226C015FE173C00FABCA3 /* QuartzCore.framework */ = {isa = PBXFileReference; lastKnownFileType = wrapper.framework; name = QuartzCore.framework; path = System/Library/Frameworks/QuartzCore.framework; sourceTree = SDKROOT; };
		901EE44F1608CE8E007AD3C5 /* bottom3.png */ = {isa = PBXFileReference; lastKnownFileType = image.png; path = bottom3.png; sourceTree = "<group>"; };
		901EE4511608D274007AD3C5 /* pictoHomme@2x.png */ = {isa = PBXFileReference; lastKnownFileType = image.png; path = "pictoHomme@2x.png"; sourceTree = "<group>"; };
		901EE4521608D274007AD3C5 /* pictoFemme@2x.png */ = {isa = PBXFileReference; lastKnownFileType = image.png; path = "pictoFemme@2x.png"; sourceTree = "<group>"; };
		901EE4551608D365007AD3C5 /* pictoHomme.png */ = {isa = PBXFileReference; lastKnownFileType = image.png; path = pictoHomme.png; sourceTree = "<group>"; };
		901EE4561608D365007AD3C5 /* pictoFemme.png */ = {isa = PBXFileReference; lastKnownFileType = image.png; path = pictoFemme.png; sourceTree = "<group>"; };
		901EE4611608D4CE007AD3C5 /* icoboy.png */ = {isa = PBXFileReference; lastKnownFileType = image.png; path = icoboy.png; sourceTree = "<group>"; };
		901EE4621608D4CE007AD3C5 /* icogirl.png */ = {isa = PBXFileReference; lastKnownFileType = image.png; path = icogirl.png; sourceTree = "<group>"; };
		901EE4631608D4CF007AD3C5 /* icoboy@2x.png */ = {isa = PBXFileReference; lastKnownFileType = image.png; path = "icoboy@2x.png"; sourceTree = "<group>"; };
		901EE4641608D4CF007AD3C5 /* icogirl@2x.png */ = {isa = PBXFileReference; lastKnownFileType = image.png; path = "icogirl@2x.png"; sourceTree = "<group>"; };
		9027D46C15F6B39400F4890A /* favorite.png */ = {isa = PBXFileReference; lastKnownFileType = image.png; path = favorite.png; sourceTree = "<group>"; };
		9027D46D15F6B39400F4890A /* favorite@2x.png */ = {isa = PBXFileReference; lastKnownFileType = image.png; path = "favorite@2x.png"; sourceTree = "<group>"; };
		902E5E4E15EBD5F10051C538 /* CoreData.framework */ = {isa = PBXFileReference; lastKnownFileType = wrapper.framework; name = CoreData.framework; path = System/Library/Frameworks/CoreData.framework; sourceTree = SDKROOT; };
		903EB8CE1601EEFD00DD4303 /* Default-568h@2x.png */ = {isa = PBXFileReference; lastKnownFileType = image.png; path = "Default-568h@2x.png"; sourceTree = "<group>"; };
		905059C915EBCFA500393577 /* icon.png */ = {isa = PBXFileReference; lastKnownFileType = image.png; path = icon.png; sourceTree = "<group>"; };
		905059CC15EBCFAA00393577 /* icon@2x.png */ = {isa = PBXFileReference; lastKnownFileType = image.png; path = "icon@2x.png"; sourceTree = "<group>"; };
		905059D315EBD01800393577 /* navbar@2x.png */ = {isa = PBXFileReference; lastKnownFileType = image.png; path = "navbar@2x.png"; sourceTree = "<group>"; };
		905059E215EBD0E900393577 /* NameYourBaby.xcdatamodel */ = {isa = PBXFileReference; lastKnownFileType = wrapper.xcdatamodel; path = NameYourBaby.xcdatamodel; sourceTree = "<group>"; };
		905059E715EBD20400393577 /* Babies.h */ = {isa = PBXFileReference; fileEncoding = 4; lastKnownFileType = sourcecode.c.h; path = Babies.h; sourceTree = "<group>"; };
		905059E815EBD20400393577 /* Babies.m */ = {isa = PBXFileReference; fileEncoding = 4; lastKnownFileType = sourcecode.c.objc; path = Babies.m; sourceTree = "<group>"; };
		905763AF16008657008D0875 /* DBAccess.h */ = {isa = PBXFileReference; fileEncoding = 4; lastKnownFileType = sourcecode.c.h; path = DBAccess.h; sourceTree = "<group>"; };
		905763B016008657008D0875 /* DBAccess.m */ = {isa = PBXFileReference; fileEncoding = 4; lastKnownFileType = sourcecode.c.objc; path = DBAccess.m; sourceTree = "<group>"; };
		905FCAEE15EE26DA00265D5D /* JSONKit.h */ = {isa = PBXFileReference; lastKnownFileType = sourcecode.c.h; path = JSONKit.h; sourceTree = "<group>"; };
		905FCAEF15EE26DA00265D5D /* JSONKit.m */ = {isa = PBXFileReference; lastKnownFileType = sourcecode.c.objc; path = JSONKit.m; sourceTree = "<group>"; };
		905FCAF915EE528A00265D5D /* DBName.json */ = {isa = PBXFileReference; fileEncoding = 4; lastKnownFileType = text.json; path = DBName.json; sourceTree = "<group>"; };
		908C92A315EBCCAF00E3C718 /* NameYourBaby.app */ = {isa = PBXFileReference; explicitFileType = wrapper.application; includeInIndex = 0; path = NameYourBaby.app; sourceTree = BUILT_PRODUCTS_DIR; };
		908C92A715EBCCAF00E3C718 /* UIKit.framework */ = {isa = PBXFileReference; lastKnownFileType = wrapper.framework; name = UIKit.framework; path = System/Library/Frameworks/UIKit.framework; sourceTree = SDKROOT; };
		908C92A915EBCCAF00E3C718 /* Foundation.framework */ = {isa = PBXFileReference; lastKnownFileType = wrapper.framework; name = Foundation.framework; path = System/Library/Frameworks/Foundation.framework; sourceTree = SDKROOT; };
		908C92AB15EBCCAF00E3C718 /* CoreGraphics.framework */ = {isa = PBXFileReference; lastKnownFileType = wrapper.framework; name = CoreGraphics.framework; path = System/Library/Frameworks/CoreGraphics.framework; sourceTree = SDKROOT; };
		908C92AF15EBCCAF00E3C718 /* NameYourBaby-Info.plist */ = {isa = PBXFileReference; lastKnownFileType = text.plist.xml; path = "NameYourBaby-Info.plist"; sourceTree = "<group>"; };
		908C92B115EBCCAF00E3C718 /* en */ = {isa = PBXFileReference; lastKnownFileType = text.plist.strings; name = en; path = en.lproj/InfoPlist.strings; sourceTree = "<group>"; };
		908C92B315EBCCAF00E3C718 /* main.m */ = {isa = PBXFileReference; lastKnownFileType = sourcecode.c.objc; path = main.m; sourceTree = "<group>"; };
		908C92B515EBCCAF00E3C718 /* NameYourBaby-Prefix.pch */ = {isa = PBXFileReference; lastKnownFileType = sourcecode.c.h; path = "NameYourBaby-Prefix.pch"; sourceTree = "<group>"; };
		908C92B615EBCCAF00E3C718 /* AppDelegate.h */ = {isa = PBXFileReference; lastKnownFileType = sourcecode.c.h; path = AppDelegate.h; sourceTree = "<group>"; };
		908C92B715EBCCAF00E3C718 /* AppDelegate.m */ = {isa = PBXFileReference; lastKnownFileType = sourcecode.c.objc; path = AppDelegate.m; sourceTree = "<group>"; };
		908C92B915EBCCAF00E3C718 /* ViewController.h */ = {isa = PBXFileReference; lastKnownFileType = sourcecode.c.h; path = ViewController.h; sourceTree = "<group>"; };
		908C92BA15EBCCAF00E3C718 /* ViewController.m */ = {isa = PBXFileReference; lastKnownFileType = sourcecode.c.objc; path = ViewController.m; sourceTree = "<group>"; };
		908C92BD15EBCCAF00E3C718 /* en */ = {isa = PBXFileReference; lastKnownFileType = file.xib; name = en; path = en.lproj/ViewController.xib; sourceTree = "<group>"; };
		90B3A97A15F628CB0037629B /* MessageUI.framework */ = {isa = PBXFileReference; lastKnownFileType = wrapper.framework; name = MessageUI.framework; path = System/Library/Frameworks/MessageUI.framework; sourceTree = SDKROOT; };
		90F3797B15FE3F68001A23C0 /* FiltersBabies.h */ = {isa = PBXFileReference; fileEncoding = 4; lastKnownFileType = sourcecode.c.h; path = FiltersBabies.h; sourceTree = "<group>"; };
		90F3797C15FE3F68001A23C0 /* FiltersBabies.m */ = {isa = PBXFileReference; fileEncoding = 4; lastKnownFileType = sourcecode.c.objc; path = FiltersBabies.m; sourceTree = "<group>"; };
		90F3797D15FE3F68001A23C0 /* FiltersBabies.xib */ = {isa = PBXFileReference; fileEncoding = 4; lastKnownFileType = file.xib; path = FiltersBabies.xib; sourceTree = "<group>"; };
		90F944BA15FE2868007B0FF9 /* OLGhostAlertView.h */ = {isa = PBXFileReference; lastKnownFileType = sourcecode.c.h; path = OLGhostAlertView.h; sourceTree = "<group>"; };
		90F944BB15FE2868007B0FF9 /* OLGhostAlertView.m */ = {isa = PBXFileReference; lastKnownFileType = sourcecode.c.objc; path = OLGhostAlertView.m; sourceTree = "<group>"; };
/* End PBXFileReference section */

/* Begin PBXFrameworksBuildPhase section */
		908C92A015EBCCAF00E3C718 /* Frameworks */ = {
			isa = PBXFrameworksBuildPhase;
			buildActionMask = 2147483647;
			files = (
				900226C115FE173C00FABCA3 /* QuartzCore.framework in Frameworks */,
				90B3A97B15F628CB0037629B /* MessageUI.framework in Frameworks */,
				902E5E4F15EBD5F10051C538 /* CoreData.framework in Frameworks */,
				908C92A815EBCCAF00E3C718 /* UIKit.framework in Frameworks */,
				908C92AA15EBCCAF00E3C718 /* Foundation.framework in Frameworks */,
				908C92AC15EBCCAF00E3C718 /* CoreGraphics.framework in Frameworks */,
			);
			runOnlyForDeploymentPostprocessing = 0;
		};
/* End PBXFrameworksBuildPhase section */

/* Begin PBXGroup section */
		905059CE15EBCFEC00393577 /* Ressources */ = {
			isa = PBXGroup;
			children = (
				9027D46C15F6B39400F4890A /* favorite.png */,
				901EE44F1608CE8E007AD3C5 /* bottom3.png */,
				9027D46D15F6B39400F4890A /* favorite@2x.png */,
				901EE4611608D4CE007AD3C5 /* icoboy.png */,
				901EE4621608D4CE007AD3C5 /* icogirl.png */,
				901EE4631608D4CF007AD3C5 /* icoboy@2x.png */,
				901EE4641608D4CF007AD3C5 /* icogirl@2x.png */,
				905059CC15EBCFAA00393577 /* icon@2x.png */,
				905059C915EBCFA500393577 /* icon.png */,
				905059D315EBD01800393577 /* navbar@2x.png */,
				901EE4551608D365007AD3C5 /* pictoHomme.png */,
				901EE4561608D365007AD3C5 /* pictoFemme.png */,
				901EE4511608D274007AD3C5 /* pictoHomme@2x.png */,
				901EE4521608D274007AD3C5 /* pictoFemme@2x.png */,
				905FCAF915EE528A00265D5D /* DBName.json */,
			);
			name = Ressources;
			sourceTree = "<group>";
		};
		905FCAED15EE25F600265D5D /* Externals */ = {
			isa = PBXGroup;
			children = (
				90F944BA15FE2868007B0FF9 /* OLGhostAlertView.h */,
				90F944BB15FE2868007B0FF9 /* OLGhostAlertView.m */,
				905FCAEE15EE26DA00265D5D /* JSONKit.h */,
				905FCAEF15EE26DA00265D5D /* JSONKit.m */,
			);
			name = Externals;
			sourceTree = "<group>";
		};
		908C929815EBCCAF00E3C718 = {
			isa = PBXGroup;
			children = (
				903EB8CE1601EEFD00DD4303 /* Default-568h@2x.png */,
				905FCAED15EE25F600265D5D /* Externals */,
				905059CE15EBCFEC00393577 /* Ressources */,
				908C92AD15EBCCAF00E3C718 /* NameYourBaby */,
				908C92A615EBCCAF00E3C718 /* Frameworks */,
				908C92A415EBCCAF00E3C718 /* Products */,
			);
			sourceTree = "<group>";
		};
		908C92A415EBCCAF00E3C718 /* Products */ = {
			isa = PBXGroup;
			children = (
				908C92A315EBCCAF00E3C718 /* NameYourBaby.app */,
			);
			name = Products;
			sourceTree = "<group>";
		};
		908C92A615EBCCAF00E3C718 /* Frameworks */ = {
			isa = PBXGroup;
			children = (
				900226C015FE173C00FABCA3 /* QuartzCore.framework */,
				90B3A97A15F628CB0037629B /* MessageUI.framework */,
				902E5E4E15EBD5F10051C538 /* CoreData.framework */,
				908C92A715EBCCAF00E3C718 /* UIKit.framework */,
				908C92A915EBCCAF00E3C718 /* Foundation.framework */,
				908C92AB15EBCCAF00E3C718 /* CoreGraphics.framework */,
			);
			name = Frameworks;
			sourceTree = "<group>";
		};
		908C92AD15EBCCAF00E3C718 /* NameYourBaby */ = {
			isa = PBXGroup;
			children = (
				908C92B615EBCCAF00E3C718 /* AppDelegate.h */,
				908C92B715EBCCAF00E3C718 /* AppDelegate.m */,
				908C92B915EBCCAF00E3C718 /* ViewController.h */,
				908C92BA15EBCCAF00E3C718 /* ViewController.m */,
				908C92BC15EBCCAF00E3C718 /* ViewController.xib */,
				90F3797B15FE3F68001A23C0 /* FiltersBabies.h */,
				90F3797C15FE3F68001A23C0 /* FiltersBabies.m */,
				90F3797D15FE3F68001A23C0 /* FiltersBabies.xib */,
				905059E115EBD0E900393577 /* NameYourBaby.xcdatamodeld */,
				905059E715EBD20400393577 /* Babies.h */,
				905059E815EBD20400393577 /* Babies.m */,
				905763AF16008657008D0875 /* DBAccess.h */,
				905763B016008657008D0875 /* DBAccess.m */,
				908C92AE15EBCCAF00E3C718 /* Supporting Files */,
			);
			path = NameYourBaby;
			sourceTree = "<group>";
		};
		908C92AE15EBCCAF00E3C718 /* Supporting Files */ = {
			isa = PBXGroup;
			children = (
				908C92AF15EBCCAF00E3C718 /* NameYourBaby-Info.plist */,
				908C92B015EBCCAF00E3C718 /* InfoPlist.strings */,
				908C92B315EBCCAF00E3C718 /* main.m */,
				908C92B515EBCCAF00E3C718 /* NameYourBaby-Prefix.pch */,
			);
			name = "Supporting Files";
			sourceTree = "<group>";
		};
/* End PBXGroup section */

/* Begin PBXNativeTarget section */
		908C92A215EBCCAF00E3C718 /* NameYourBaby */ = {
			isa = PBXNativeTarget;
			buildConfigurationList = 908C92C115EBCCAF00E3C718 /* Build configuration list for PBXNativeTarget "NameYourBaby" */;
			buildPhases = (
				908C929F15EBCCAF00E3C718 /* Sources */,
				908C92A015EBCCAF00E3C718 /* Frameworks */,
				908C92A115EBCCAF00E3C718 /* Resources */,
			);
			buildRules = (
			);
			dependencies = (
			);
			name = NameYourBaby;
			productName = NameYourBaby;
			productReference = 908C92A315EBCCAF00E3C718 /* NameYourBaby.app */;
			productType = "com.apple.product-type.application";
		};
/* End PBXNativeTarget section */

/* Begin PBXProject section */
		908C929A15EBCCAF00E3C718 /* Project object */ = {
			isa = PBXProject;
			attributes = {
				LastUpgradeCheck = 0440;
				ORGANIZATIONNAME = Bou;
			};
			buildConfigurationList = 908C929D15EBCCAF00E3C718 /* Build configuration list for PBXProject "NameYourBaby" */;
			compatibilityVersion = "Xcode 3.2";
			developmentRegion = English;
			hasScannedForEncodings = 0;
			knownRegions = (
				en,
			);
			mainGroup = 908C929815EBCCAF00E3C718;
			productRefGroup = 908C92A415EBCCAF00E3C718 /* Products */;
			projectDirPath = "";
			projectRoot = "";
			targets = (
				908C92A215EBCCAF00E3C718 /* NameYourBaby */,
			);
		};
/* End PBXProject section */

/* Begin PBXResourcesBuildPhase section */
		908C92A115EBCCAF00E3C718 /* Resources */ = {
			isa = PBXResourcesBuildPhase;
			buildActionMask = 2147483647;
			files = (
				908C92B215EBCCAF00E3C718 /* InfoPlist.strings in Resources */,
				908C92BE15EBCCAF00E3C718 /* ViewController.xib in Resources */,
				905059CA15EBCFA500393577 /* icon.png in Resources */,
				905059CD15EBCFAA00393577 /* icon@2x.png in Resources */,
				905059D815EBD01800393577 /* navbar@2x.png in Resources */,
				905FCAFA15EE528A00265D5D /* DBName.json in Resources */,
				9027D46E15F6B39400F4890A /* favorite.png in Resources */,
				9027D46F15F6B39400F4890A /* favorite@2x.png in Resources */,
				90F3797F15FE3F68001A23C0 /* FiltersBabies.xib in Resources */,
				903EB8CF1601EEFD00DD4303 /* Default-568h@2x.png in Resources */,
				901EE4501608CE8F007AD3C5 /* bottom3.png in Resources */,
				901EE4531608D274007AD3C5 /* pictoHomme@2x.png in Resources */,
				901EE4541608D274007AD3C5 /* pictoFemme@2x.png in Resources */,
				901EE4571608D365007AD3C5 /* pictoHomme.png in Resources */,
				901EE4581608D365007AD3C5 /* pictoFemme.png in Resources */,
				901EE4651608D4CF007AD3C5 /* icoboy.png in Resources */,
				901EE4661608D4CF007AD3C5 /* icogirl.png in Resources */,
				901EE4671608D4CF007AD3C5 /* icoboy@2x.png in Resources */,
				901EE4681608D4CF007AD3C5 /* icogirl@2x.png in Resources */,
			);
			runOnlyForDeploymentPostprocessing = 0;
		};
/* End PBXResourcesBuildPhase section */

/* Begin PBXSourcesBuildPhase section */
		908C929F15EBCCAF00E3C718 /* Sources */ = {
			isa = PBXSourcesBuildPhase;
			buildActionMask = 2147483647;
			files = (
				905FCAF815EE3AF900265D5D /* JSONKit.m in Sources */,
				90F3795815FE29EF001A23C0 /* OLGhostAlertView.m in Sources */,
				908C92B415EBCCAF00E3C718 /* main.m in Sources */,
				908C92B815EBCCAF00E3C718 /* AppDelegate.m in Sources */,
				908C92BB15EBCCAF00E3C718 /* ViewController.m in Sources */,
				905059E315EBD0E900393577 /* NameYourBaby.xcdatamodeld in Sources */,
				905059E915EBD20400393577 /* Babies.m in Sources */,
				90F3797E15FE3F68001A23C0 /* FiltersBabies.m in Sources */,
				905763B116008657008D0875 /* DBAccess.m in Sources */,
			);
			runOnlyForDeploymentPostprocessing = 0;
		};
/* End PBXSourcesBuildPhase section */

/* Begin PBXVariantGroup section */
		908C92B015EBCCAF00E3C718 /* InfoPlist.strings */ = {
			isa = PBXVariantGroup;
			children = (
				908C92B115EBCCAF00E3C718 /* en */,
			);
			name = InfoPlist.strings;
			sourceTree = "<group>";
		};
		908C92BC15EBCCAF00E3C718 /* ViewController.xib */ = {
			isa = PBXVariantGroup;
			children = (
				908C92BD15EBCCAF00E3C718 /* en */,
			);
			name = ViewController.xib;
			sourceTree = "<group>";
		};
/* End PBXVariantGroup section */

/* Begin XCBuildConfiguration section */
		908C92BF15EBCCAF00E3C718 /* Debug */ = {
			isa = XCBuildConfiguration;
			buildSettings = {
				ALWAYS_SEARCH_USER_PATHS = NO;
				ARCHS = "$(ARCHS_STANDARD_32_BIT)";
				CLANG_CXX_LANGUAGE_STANDARD = "gnu++0x";
				CLANG_ENABLE_OBJC_ARC = YES;
				CLANG_WARN__DUPLICATE_METHOD_MATCH = YES;
				"CODE_SIGN_IDENTITY[sdk=iphoneos*]" = "iPhone Developer";
				COPY_PHASE_STRIP = NO;
				GCC_C_LANGUAGE_STANDARD = gnu99;
				GCC_DYNAMIC_NO_PIC = NO;
				GCC_OPTIMIZATION_LEVEL = 0;
				GCC_PREPROCESSOR_DEFINITIONS = (
					"DEBUG=1",
					"$(inherited)",
				);
				GCC_SYMBOLS_PRIVATE_EXTERN = NO;
				GCC_VERSION = com.apple.compilers.llvm.clang.1_0;
				GCC_WARN_ABOUT_RETURN_TYPE = YES;
				GCC_WARN_UNINITIALIZED_AUTOS = YES;
				GCC_WARN_UNUSED_VARIABLE = YES;
				IPHONEOS_DEPLOYMENT_TARGET = 4.3;
				SDKROOT = iphoneos;
			};
			name = Debug;
		};
		908C92C015EBCCAF00E3C718 /* Release */ = {
			isa = XCBuildConfiguration;
			buildSettings = {
				ALWAYS_SEARCH_USER_PATHS = NO;
				ARCHS = "$(ARCHS_STANDARD_32_BIT)";
				CLANG_CXX_LANGUAGE_STANDARD = "gnu++0x";
				CLANG_ENABLE_OBJC_ARC = YES;
				CLANG_WARN__DUPLICATE_METHOD_MATCH = YES;
				"CODE_SIGN_IDENTITY[sdk=iphoneos*]" = "iPhone Developer";
				COPY_PHASE_STRIP = YES;
				GCC_C_LANGUAGE_STANDARD = gnu99;
				GCC_VERSION = com.apple.compilers.llvm.clang.1_0;
				GCC_WARN_ABOUT_RETURN_TYPE = YES;
				GCC_WARN_UNINITIALIZED_AUTOS = YES;
				GCC_WARN_UNUSED_VARIABLE = YES;
				IPHONEOS_DEPLOYMENT_TARGET = 4.3;
				OTHER_CFLAGS = "-DNS_BLOCK_ASSERTIONS=1";
				SDKROOT = iphoneos;
				VALIDATE_PRODUCT = YES;
			};
			name = Release;
		};
		908C92C215EBCCAF00E3C718 /* Debug */ = {
			isa = XCBuildConfiguration;
			buildSettings = {
				GCC_PRECOMPILE_PREFIX_HEADER = YES;
				GCC_PREFIX_HEADER = "NameYourBaby/NameYourBaby-Prefix.pch";
				GCC_PREPROCESSOR_DEFINITIONS = "DEBUG=0";
				INFOPLIST_FILE = "NameYourBaby/NameYourBaby-Info.plist";
				PRODUCT_NAME = "$(TARGET_NAME)";
				WRAPPER_EXTENSION = app;
			};
			name = Debug;
		};
		908C92C315EBCCAF00E3C718 /* Release */ = {
			isa = XCBuildConfiguration;
			buildSettings = {
				GCC_PRECOMPILE_PREFIX_HEADER = YES;
				GCC_PREFIX_HEADER = "NameYourBaby/NameYourBaby-Prefix.pch";
				INFOPLIST_FILE = "NameYourBaby/NameYourBaby-Info.plist";
				PRODUCT_NAME = "$(TARGET_NAME)";
				WRAPPER_EXTENSION = app;
			};
			name = Release;
		};
/* End XCBuildConfiguration section */

/* Begin XCConfigurationList section */
		908C929D15EBCCAF00E3C718 /* Build configuration list for PBXProject "NameYourBaby" */ = {
			isa = XCConfigurationList;
			buildConfigurations = (
				908C92BF15EBCCAF00E3C718 /* Debug */,
				908C92C015EBCCAF00E3C718 /* Release */,
			);
			defaultConfigurationIsVisible = 0;
			defaultConfigurationName = Release;
		};
		908C92C115EBCCAF00E3C718 /* Build configuration list for PBXNativeTarget "NameYourBaby" */ = {
			isa = XCConfigurationList;
			buildConfigurations = (
				908C92C215EBCCAF00E3C718 /* Debug */,
				908C92C315EBCCAF00E3C718 /* Release */,
			);
			defaultConfigurationIsVisible = 0;
			defaultConfigurationName = Release;
		};
/* End XCConfigurationList section */

/* Begin XCVersionGroup section */
		905059E115EBD0E900393577 /* NameYourBaby.xcdatamodeld */ = {
			isa = XCVersionGroup;
			children = (
				905059E215EBD0E900393577 /* NameYourBaby.xcdatamodel */,
			);
			currentVersion = 905059E215EBD0E900393577 /* NameYourBaby.xcdatamodel */;
			path = NameYourBaby.xcdatamodeld;
			sourceTree = "<group>";
			versionGroupType = wrapper.xcdatamodel;
		};
/* End XCVersionGroup section */
	};
	rootObject = 908C929A15EBCCAF00E3C718 /* Project object */;
}
